
Microsoft Visual Studio Solution File, Format Version 12.00
# Visual Studio Version 16
VisualStudioVersion = 16.0.30804.86
MinimumVisualStudioVersion = 10.0.40219.1
Project("{FAE04EC0-301F-11D3-BF4B-00C04F79EFBC}") = "HelloWorldProgram", "HelloWorldProgram.csproj", "{3F07BD6C-2E92-472E-950E-751EE8F0A6C5}"
EndProject
Global
	GlobalSection(SolutionConfigurationPlatforms) = preSolution
		Debug|Any CPU = Debug|Any CPU
		Release|Any CPU = Release|Any CPU
	EndGlobalSection
	GlobalSection(ProjectConfigurationPlatforms) = postSolution
		{3F07BD6C-2E92-472E-950E-751EE8F0A6C5}.Debug|Any CPU.ActiveCfg = Debug|Any CPU
		{3F07BD6C-2E92-472E-950E-751EE8F0A6C5}.Debug|Any CPU.Build.0 = Debug|Any CPU
		{3F07BD6C-2E92-472E-950E-751EE8F0A6C5}.Release|Any CPU.ActiveCfg = Release|Any CPU
		{3F07BD6C-2E92-472E-950E-751EE8F0A6C5}.Release|Any CPU.Build.0 = Release|Any CPU
	EndGlobalSection
	GlobalSection(SolutionProperties) = preSolution
		HideSolutionNode = FALSE
	EndGlobalSection
	GlobalSection(ExtensibilityGlobals) = postSolution
		SolutionGuid = {C9F823D8-7F45-48F1-82F7-62BD4CC98EA1}
	EndGlobalSection
EndGlobal
